// !$*UTF8*$!
{
	archiveVersion = 1;
	classes = {
	};
	objectVersion = 51;
	objects = {

/* Begin PBXBuildFile section */
		DD40D2A122BAC72700ED4D23 /* AppDelegate.swift in Sources */ = {isa = PBXBuildFile; fileRef = DD40D2A022BAC72700ED4D23 /* AppDelegate.swift */; };
		DD40D2A322BAC72700ED4D23 /* ViewController.swift in Sources */ = {isa = PBXBuildFile; fileRef = DD40D2A222BAC72700ED4D23 /* ViewController.swift */; };
		DD40D2A622BAC72700ED4D23 /* Main.storyboard in Resources */ = {isa = PBXBuildFile; fileRef = DD40D2A422BAC72700ED4D23 /* Main.storyboard */; };
		DD40D2A822BAC72800ED4D23 /* Assets.xcassets in Resources */ = {isa = PBXBuildFile; fileRef = DD40D2A722BAC72800ED4D23 /* Assets.xcassets */; };
		DD40D2AB22BAC72800ED4D23 /* LaunchScreen.storyboard in Resources */ = {isa = PBXBuildFile; fileRef = DD40D2A922BAC72800ED4D23 /* LaunchScreen.storyboard */; };
		DD57D90022C23D56002AB787 /* EmergencyNumbers.swift in Sources */ = {isa = PBXBuildFile; fileRef = DD57D8FF22C23D56002AB787 /* EmergencyNumbers.swift */; };
		DD69402422C36CC90024A508 /* Location.swift in Sources */ = {isa = PBXBuildFile; fileRef = DD69402322C36CC90024A508 /* Location.swift */; };
		DD9D134522C3D0A400C5B7E8 /* JSONEMergencyData in Resources */ = {isa = PBXBuildFile; fileRef = DD9D134422C3D0A400C5B7E8 /* JSONEMergencyData */; };
		DD9D134822C3DC6800C5B7E8 /* data.txt in Resources */ = {isa = PBXBuildFile; fileRef = DD9D134722C3DC6800C5B7E8 /* data.txt */; };
		E1560D256427AD69C23C02BD /* libPods-HelpMe!.a in Frameworks */ = {isa = PBXBuildFile; fileRef = 0D8236891BBD907558C7943F /* libPods-HelpMe!.a */; };
/* End PBXBuildFile section */

/* Begin PBXFileReference section */
		0D8236891BBD907558C7943F /* libPods-HelpMe!.a */ = {isa = PBXFileReference; explicitFileType = archive.ar; includeInIndex = 0; path = "libPods-HelpMe!.a"; sourceTree = BUILT_PRODUCTS_DIR; };
		7D225C9355FCD0220D594E4E /* Pods-HelpMe!.debug.xcconfig */ = {isa = PBXFileReference; includeInIndex = 1; lastKnownFileType = text.xcconfig; name = "Pods-HelpMe!.debug.xcconfig"; path = "Target Support Files/Pods-HelpMe!/Pods-HelpMe!.debug.xcconfig"; sourceTree = "<group>"; };
		BAC16FF5B60B4957FAAC4F69 /* Pods-HelpMe!.release.xcconfig */ = {isa = PBXFileReference; includeInIndex = 1; lastKnownFileType = text.xcconfig; name = "Pods-HelpMe!.release.xcconfig"; path = "Target Support Files/Pods-HelpMe!/Pods-HelpMe!.release.xcconfig"; sourceTree = "<group>"; };
		DD40D29D22BAC72700ED4D23 /* HelpMe!.app */ = {isa = PBXFileReference; explicitFileType = wrapper.application; includeInIndex = 0; path = "HelpMe!.app"; sourceTree = BUILT_PRODUCTS_DIR; };
		DD40D2A022BAC72700ED4D23 /* AppDelegate.swift */ = {isa = PBXFileReference; lastKnownFileType = sourcecode.swift; path = AppDelegate.swift; sourceTree = "<group>"; };
		DD40D2A222BAC72700ED4D23 /* ViewController.swift */ = {isa = PBXFileReference; lastKnownFileType = sourcecode.swift; path = ViewController.swift; sourceTree = "<group>"; };
		DD40D2A522BAC72700ED4D23 /* Base */ = {isa = PBXFileReference; lastKnownFileType = file.storyboard; name = Base; path = Base.lproj/Main.storyboard; sourceTree = "<group>"; };
		DD40D2A722BAC72800ED4D23 /* Assets.xcassets */ = {isa = PBXFileReference; lastKnownFileType = folder.assetcatalog; path = Assets.xcassets; sourceTree = "<group>"; };
		DD40D2AA22BAC72800ED4D23 /* Base */ = {isa = PBXFileReference; lastKnownFileType = file.storyboard; name = Base; path = Base.lproj/LaunchScreen.storyboard; sourceTree = "<group>"; };
		DD40D2AC22BAC72800ED4D23 /* Info.plist */ = {isa = PBXFileReference; lastKnownFileType = text.plist.xml; path = Info.plist; sourceTree = "<group>"; };
		DD57D8FF22C23D56002AB787 /* EmergencyNumbers.swift */ = {isa = PBXFileReference; lastKnownFileType = sourcecode.swift; path = EmergencyNumbers.swift; sourceTree = "<group>"; };
		DD69402322C36CC90024A508 /* Location.swift */ = {isa = PBXFileReference; lastKnownFileType = sourcecode.swift; path = Location.swift; sourceTree = "<group>"; };
		DD9D134422C3D0A400C5B7E8 /* JSONEMergencyData */ = {isa = PBXFileReference; lastKnownFileType = folder; path = JSONEMergencyData; sourceTree = "<group>"; };
		DD9D134622C3DA7800C5B7E8 /* data.json */ = {isa = PBXFileReference; lastKnownFileType = text.json; path = data.json; sourceTree = "<group>"; };
		DD9D134722C3DC6800C5B7E8 /* data.txt */ = {isa = PBXFileReference; fileEncoding = 4; lastKnownFileType = text; path = data.txt; sourceTree = "<group>"; };
/* End PBXFileReference section */

/* Begin PBXFrameworksBuildPhase section */
		DD40D29A22BAC72700ED4D23 /* Frameworks */ = {
			isa = PBXFrameworksBuildPhase;
			buildActionMask = 2147483647;
			files = (
				E1560D256427AD69C23C02BD /* libPods-HelpMe!.a in Frameworks */,
			);
			runOnlyForDeploymentPostprocessing = 0;
		};
/* End PBXFrameworksBuildPhase section */

/* Begin PBXGroup section */
		32058DD4AEB3D98F2E8BCD97 /* Pods */ = {
			isa = PBXGroup;
			children = (
				7D225C9355FCD0220D594E4E /* Pods-HelpMe!.debug.xcconfig */,
				BAC16FF5B60B4957FAAC4F69 /* Pods-HelpMe!.release.xcconfig */,
			);
			path = Pods;
			sourceTree = "<group>";
		};
		7EE4112F20BC94D4326AA88B /* Frameworks */ = {
			isa = PBXGroup;
			children = (
				0D8236891BBD907558C7943F /* libPods-HelpMe!.a */,
			);
			name = Frameworks;
			sourceTree = "<group>";
		};
		DD40D29422BAC72700ED4D23 = {
			isa = PBXGroup;
			children = (
				DD40D29F22BAC72700ED4D23 /* HelpMe! */,
				DD40D29E22BAC72700ED4D23 /* Products */,
				32058DD4AEB3D98F2E8BCD97 /* Pods */,
				7EE4112F20BC94D4326AA88B /* Frameworks */,
			);
			sourceTree = "<group>";
		};
		DD40D29E22BAC72700ED4D23 /* Products */ = {
			isa = PBXGroup;
			children = (
				DD40D29D22BAC72700ED4D23 /* HelpMe!.app */,
			);
			name = Products;
			sourceTree = "<group>";
		};
		DD40D29F22BAC72700ED4D23 /* HelpMe! */ = {
			isa = PBXGroup;
			children = (
				DD9D134622C3DA7800C5B7E8 /* data.json */,
				DD9D134722C3DC6800C5B7E8 /* data.txt */,
				DD40D2A022BAC72700ED4D23 /* AppDelegate.swift */,
				DD69402322C36CC90024A508 /* Location.swift */,
				DD40D2A222BAC72700ED4D23 /* ViewController.swift */,
				DD57D8FF22C23D56002AB787 /* EmergencyNumbers.swift */,
				DD40D2A422BAC72700ED4D23 /* Main.storyboard */,
				DD40D2A722BAC72800ED4D23 /* Assets.xcassets */,
				DD40D2A922BAC72800ED4D23 /* LaunchScreen.storyboard */,
				DD40D2AC22BAC72800ED4D23 /* Info.plist */,
				DD9D134422C3D0A400C5B7E8 /* JSONEMergencyData */,
			);
			path = "HelpMe!";
			sourceTree = "<group>";
		};
/* End PBXGroup section */

/* Begin PBXNativeTarget section */
		DD40D29C22BAC72700ED4D23 /* HelpMe! */ = {
			isa = PBXNativeTarget;
			buildConfigurationList = DD40D2AF22BAC72800ED4D23 /* Build configuration list for PBXNativeTarget "HelpMe!" */;
			buildPhases = (
				C2766D6A60B1B6122FFD1E92 /* [CP] Check Pods Manifest.lock */,
				DD40D29922BAC72700ED4D23 /* Sources */,
				DD40D29A22BAC72700ED4D23 /* Frameworks */,
				DD40D29B22BAC72700ED4D23 /* Resources */,
				567045A4FBE638E519FA001F /* [CP] Copy Pods Resources */,
			);
			buildRules = (
			);
			dependencies = (
			);
			name = "HelpMe!";
			productName = "HelpMe!";
			productReference = DD40D29D22BAC72700ED4D23 /* HelpMe!.app */;
			productType = "com.apple.product-type.application";
		};
/* End PBXNativeTarget section */

/* Begin PBXProject section */
		DD40D29522BAC72700ED4D23 /* Project object */ = {
			isa = PBXProject;
			attributes = {
				LastSwiftUpdateCheck = 1020;
				LastUpgradeCheck = 1020;
				ORGANIZATIONNAME = "Aidan Lilani";
				TargetAttributes = {
					DD40D29C22BAC72700ED4D23 = {
						CreatedOnToolsVersion = 10.2.1;
					};
				};
			};
			buildConfigurationList = DD40D29822BAC72700ED4D23 /* Build configuration list for PBXProject "HelpMe!" */;
			compatibilityVersion = "Xcode 9.3";
			developmentRegion = en;
			hasScannedForEncodings = 0;
			knownRegions = (
				en,
				Base,
			);
			mainGroup = DD40D29422BAC72700ED4D23;
			productRefGroup = DD40D29E22BAC72700ED4D23 /* Products */;
			projectDirPath = "";
			projectRoot = "";
			targets = (
				DD40D29C22BAC72700ED4D23 /* HelpMe! */,
			);
		};
/* End PBXProject section */

/* Begin PBXResourcesBuildPhase section */
		DD40D29B22BAC72700ED4D23 /* Resources */ = {
			isa = PBXResourcesBuildPhase;
			buildActionMask = 2147483647;
			files = (
				DD9D134522C3D0A400C5B7E8 /* JSONEMergencyData in Resources */,
				DD40D2AB22BAC72800ED4D23 /* LaunchScreen.storyboard in Resources */,
				DD40D2A822BAC72800ED4D23 /* Assets.xcassets in Resources */,
				DD40D2A622BAC72700ED4D23 /* Main.storyboard in Resources */,
				DD9D134822C3DC6800C5B7E8 /* data.txt in Resources */,
			);
			runOnlyForDeploymentPostprocessing = 0;
		};
/* End PBXResourcesBuildPhase section */

/* Begin PBXShellScriptBuildPhase section */
		567045A4FBE638E519FA001F /* [CP] Copy Pods Resources */ = {
			isa = PBXShellScriptBuildPhase;
			buildActionMask = 2147483647;
			files = (
			);
			inputFileListPaths = (
				"${PODS_ROOT}/Target Support Files/Pods-HelpMe!/Pods-HelpMe!-resources-${CONFIGURATION}-input-files.xcfilelist",
			);
			name = "[CP] Copy Pods Resources";
			outputFileListPaths = (
				"${PODS_ROOT}/Target Support Files/Pods-HelpMe!/Pods-HelpMe!-resources-${CONFIGURATION}-output-files.xcfilelist",
			);
			runOnlyForDeploymentPostprocessing = 0;
			shellPath = /bin/sh;
			shellScript = "\"${PODS_ROOT}/Target Support Files/Pods-HelpMe!/Pods-HelpMe!-resources.sh\"\n";
			showEnvVarsInLog = 0;
		};
		C2766D6A60B1B6122FFD1E92 /* [CP] Check Pods Manifest.lock */ = {
			isa = PBXShellScriptBuildPhase;
			buildActionMask = 2147483647;
			files = (
			);
			inputFileListPaths = (
			);
			inputPaths = (
				"${PODS_PODFILE_DIR_PATH}/Podfile.lock",
				"${PODS_ROOT}/Manifest.lock",
			);
			name = "[CP] Check Pods Manifest.lock";
			outputFileListPaths = (
			);
			outputPaths = (
				"$(DERIVED_FILE_DIR)/Pods-HelpMe!-checkManifestLockResult.txt",
			);
			runOnlyForDeploymentPostprocessing = 0;
			shellPath = /bin/sh;
			shellScript = "diff \"${PODS_PODFILE_DIR_PATH}/Podfile.lock\" \"${PODS_ROOT}/Manifest.lock\" > /dev/null\nif [ $? != 0 ] ; then\n    # print error to STDERR\n    echo \"error: The sandbox is not in sync with the Podfile.lock. Run 'pod install' or update your CocoaPods installation.\" >&2\n    exit 1\nfi\n# This output is used by Xcode 'outputs' to avoid re-running this script phase.\necho \"SUCCESS\" > \"${SCRIPT_OUTPUT_FILE_0}\"\n";
			showEnvVarsInLog = 0;
		};
/* End PBXShellScriptBuildPhase section */

/* Begin PBXSourcesBuildPhase section */
		DD40D29922BAC72700ED4D23 /* Sources */ = {
			isa = PBXSourcesBuildPhase;
			buildActionMask = 2147483647;
			files = (
				DD40D2A322BAC72700ED4D23 /* ViewController.swift in Sources */,
				DD40D2A122BAC72700ED4D23 /* AppDelegate.swift in Sources */,
				DD69402422C36CC90024A508 /* Location.swift in Sources */,
				DD57D90022C23D56002AB787 /* EmergencyNumbers.swift in Sources */,
			);
			runOnlyForDeploymentPostprocessing = 0;
		};
/* End PBXSourcesBuildPhase section */

/* Begin PBXVariantGroup section */
		DD40D2A422BAC72700ED4D23 /* Main.storyboard */ = {
			isa = PBXVariantGroup;
			children = (
				DD40D2A522BAC72700ED4D23 /* Base */,
			);
			name = Main.storyboard;
			sourceTree = "<group>";
		};
		DD40D2A922BAC72800ED4D23 /* LaunchScreen.storyboard */ = {
			isa = PBXVariantGroup;
			children = (
				DD40D2AA22BAC72800ED4D23 /* Base */,
			);
			name = LaunchScreen.storyboard;
			sourceTree = "<group>";
		};
/* End PBXVariantGroup section */

/* Begin XCBuildConfiguration section */
		DD40D2AD22BAC72800ED4D23 /* Debug */ = {
			isa = XCBuildConfiguration;
			buildSettings = {
				ALWAYS_SEARCH_USER_PATHS = NO;
				CLANG_ANALYZER_NONNULL = YES;
				CLANG_ANALYZER_NUMBER_OBJECT_CONVERSION = YES_AGGRESSIVE;
				CLANG_CXX_LANGUAGE_STANDARD = "gnu++14";
				CLANG_CXX_LIBRARY = "libc++";
				CLANG_ENABLE_MODULES = YES;
				CLANG_ENABLE_OBJC_ARC = YES;
				CLANG_ENABLE_OBJC_WEAK = YES;
				CLANG_WARN_BLOCK_CAPTURE_AUTORELEASING = YES;
				CLANG_WARN_BOOL_CONVERSION = YES;
				CLANG_WARN_COMMA = YES;
				CLANG_WARN_CONSTANT_CONVERSION = YES;
				CLANG_WARN_DEPRECATED_OBJC_IMPLEMENTATIONS = YES;
				CLANG_WARN_DIRECT_OBJC_ISA_USAGE = YES_ERROR;
				CLANG_WARN_DOCUMENTATION_COMMENTS = YES;
				CLANG_WARN_EMPTY_BODY = YES;
				CLANG_WARN_ENUM_CONVERSION = YES;
				CLANG_WARN_INFINITE_RECURSION = YES;
				CLANG_WARN_INT_CONVERSION = YES;
				CLANG_WARN_NON_LITERAL_NULL_CONVERSION = YES;
				CLANG_WARN_OBJC_IMPLICIT_RETAIN_SELF = YES;
				CLANG_WARN_OBJC_LITERAL_CONVERSION = YES;
				CLANG_WARN_OBJC_ROOT_CLASS = YES_ERROR;
				CLANG_WARN_RANGE_LOOP_ANALYSIS = YES;
				CLANG_WARN_STRICT_PROTOTYPES = YES;
				CLANG_WARN_SUSPICIOUS_MOVE = YES;
				CLANG_WARN_UNGUARDED_AVAILABILITY = YES_AGGRESSIVE;
				CLANG_WARN_UNREACHABLE_CODE = YES;
				CLANG_WARN__DUPLICATE_METHOD_MATCH = YES;
				CODE_SIGN_IDENTITY = "iPhone Developer";
				COPY_PHASE_STRIP = NO;
				DEBUG_INFORMATION_FORMAT = dwarf;
				ENABLE_STRICT_OBJC_MSGSEND = YES;
				ENABLE_TESTABILITY = YES;
				GCC_C_LANGUAGE_STANDARD = gnu11;
				GCC_DYNAMIC_NO_PIC = NO;
				GCC_NO_COMMON_BLOCKS = YES;
				GCC_OPTIMIZATION_LEVEL = 0;
				GCC_PREPROCESSOR_DEFINITIONS = (
					"DEBUG=1",
					"$(inherited)",
				);
				GCC_WARN_64_TO_32_BIT_CONVERSION = YES;
				GCC_WARN_ABOUT_RETURN_TYPE = YES_ERROR;
				GCC_WARN_UNDECLARED_SELECTOR = YES;
				GCC_WARN_UNINITIALIZED_AUTOS = YES_AGGRESSIVE;
				GCC_WARN_UNUSED_FUNCTION = YES;
				GCC_WARN_UNUSED_VARIABLE = YES;
				IPHONEOS_DEPLOYMENT_TARGET = 12.2;
				MTL_ENABLE_DEBUG_INFO = INCLUDE_SOURCE;
				MTL_FAST_MATH = YES;
				ONLY_ACTIVE_ARCH = YES;
				SDKROOT = iphoneos;
				SWIFT_ACTIVE_COMPILATION_CONDITIONS = DEBUG;
				SWIFT_OPTIMIZATION_LEVEL = "-Onone";
			};
			name = Debug;
		};
		DD40D2AE22BAC72800ED4D23 /* Release */ = {
			isa = XCBuildConfiguration;
			buildSettings = {
				ALWAYS_SEARCH_USER_PATHS = NO;
				CLANG_ANALYZER_NONNULL = YES;
				CLANG_ANALYZER_NUMBER_OBJECT_CONVERSION = YES_AGGRESSIVE;
				CLANG_CXX_LANGUAGE_STANDARD = "gnu++14";
				CLANG_CXX_LIBRARY = "libc++";
				CLANG_ENABLE_MODULES = YES;
				CLANG_ENABLE_OBJC_ARC = YES;
				CLANG_ENABLE_OBJC_WEAK = YES;
				CLANG_WARN_BLOCK_CAPTURE_AUTORELEASING = YES;
				CLANG_WARN_BOOL_CONVERSION = YES;
				CLANG_WARN_COMMA = YES;
				CLANG_WARN_CONSTANT_CONVERSION = YES;
				CLANG_WARN_DEPRECATED_OBJC_IMPLEMENTATIONS = YES;
				CLANG_WARN_DIRECT_OBJC_ISA_USAGE = YES_ERROR;
				CLANG_WARN_DOCUMENTATION_COMMENTS = YES;
				CLANG_WARN_EMPTY_BODY = YES;
				CLANG_WARN_ENUM_CONVERSION = YES;
				CLANG_WARN_INFINITE_RECURSION = YES;
				CLANG_WARN_INT_CONVERSION = YES;
				CLANG_WARN_NON_LITERAL_NULL_CONVERSION = YES;
				CLANG_WARN_OBJC_IMPLICIT_RETAIN_SELF = YES;
				CLANG_WARN_OBJC_LITERAL_CONVERSION = YES;
				CLANG_WARN_OBJC_ROOT_CLASS = YES_ERROR;
				CLANG_WARN_RANGE_LOOP_ANALYSIS = YES;
				CLANG_WARN_STRICT_PROTOTYPES = YES;
				CLANG_WARN_SUSPICIOUS_MOVE = YES;
				CLANG_WARN_UNGUARDED_AVAILABILITY = YES_AGGRESSIVE;
				CLANG_WARN_UNREACHABLE_CODE = YES;
				CLANG_WARN__DUPLICATE_METHOD_MATCH = YES;
				CODE_SIGN_IDENTITY = "iPhone Developer";
				COPY_PHASE_STRIP = NO;
				DEBUG_INFORMATION_FORMAT = "dwarf-with-dsym";
				ENABLE_NS_ASSERTIONS = NO;
				ENABLE_STRICT_OBJC_MSGSEND = YES;
				GCC_C_LANGUAGE_STANDARD = gnu11;
				GCC_NO_COMMON_BLOCKS = YES;
				GCC_WARN_64_TO_32_BIT_CONVERSION = YES;
				GCC_WARN_ABOUT_RETURN_TYPE = YES_ERROR;
				GCC_WARN_UNDECLARED_SELECTOR = YES;
				GCC_WARN_UNINITIALIZED_AUTOS = YES_AGGRESSIVE;
				GCC_WARN_UNUSED_FUNCTION = YES;
				GCC_WARN_UNUSED_VARIABLE = YES;
				IPHONEOS_DEPLOYMENT_TARGET = 12.2;
				MTL_ENABLE_DEBUG_INFO = NO;
				MTL_FAST_MATH = YES;
				SDKROOT = iphoneos;
				SWIFT_COMPILATION_MODE = wholemodule;
				SWIFT_OPTIMIZATION_LEVEL = "-O";
				VALIDATE_PRODUCT = YES;
			};
			name = Release;
		};
		DD40D2B022BAC72800ED4D23 /* Debug */ = {
			isa = XCBuildConfiguration;
			baseConfigurationReference = 7D225C9355FCD0220D594E4E /* Pods-HelpMe!.debug.xcconfig */;
			buildSettings = {
				ASSETCATALOG_COMPILER_APPICON_NAME = AppIcon;
				CODE_SIGN_STYLE = Automatic;
				DEVELOPMENT_TEAM = SQCKCYL38J;
				INFOPLIST_FILE = "HelpMe!/Info.plist";
				LD_RUNPATH_SEARCH_PATHS = (
					"$(inherited)",
					"@executable_path/Frameworks",
				);
				PRODUCT_BUNDLE_IDENTIFIER = "com.lilani.HelpMe-";
				PRODUCT_NAME = "$(TARGET_NAME)";
				SWIFT_VERSION = 5.0;
				TARGETED_DEVICE_FAMILY = "1,2";
			};
			name = Debug;
		};
		DD40D2B122BAC72800ED4D23 /* Release */ = {
			isa = XCBuildConfiguration;
			baseConfigurationReference = BAC16FF5B60B4957FAAC4F69 /* Pods-HelpMe!.release.xcconfig */;
			buildSettings = {
				ASSETCATALOG_COMPILER_APPICON_NAME = AppIcon;
				CODE_SIGN_STYLE = Automatic;
				DEVELOPMENT_TEAM = SQCKCYL38J;
				INFOPLIST_FILE = "HelpMe!/Info.plist";
				LD_RUNPATH_SEARCH_PATHS = (
					"$(inherited)",
					"@executable_path/Frameworks",
				);
				PRODUCT_BUNDLE_IDENTIFIER = "com.lilani.HelpMe-";
				PRODUCT_NAME = "$(TARGET_NAME)";
				SWIFT_VERSION = 5.0;
				TARGETED_DEVICE_FAMILY = "1,2";
			};
			name = Release;
		};
/* End XCBuildConfiguration section */

/* Begin XCConfigurationList section */
		DD40D29822BAC72700ED4D23 /* Build configuration list for PBXProject "HelpMe!" */ = {
			isa = XCConfigurationList;
			buildConfigurations = (
				DD40D2AD22BAC72800ED4D23 /* Debug */,
				DD40D2AE22BAC72800ED4D23 /* Release */,
			);
			defaultConfigurationIsVisible = 0;
			defaultConfigurationName = Release;
		};
		DD40D2AF22BAC72800ED4D23 /* Build configuration list for PBXNativeTarget "HelpMe!" */ = {
			isa = XCConfigurationList;
			buildConfigurations = (
				DD40D2B022BAC72800ED4D23 /* Debug */,
				DD40D2B122BAC72800ED4D23 /* Release */,
			);
			defaultConfigurationIsVisible = 0;
			defaultConfigurationName = Release;
		};
/* End XCConfigurationList section */
	};
	rootObject = DD40D29522BAC72700ED4D23 /* Project object */;
}
